
Microsoft Visual Studio Solution File, Format Version 12.00
# Visual Studio 2012
Project("{FAE04EC0-301F-11D3-BF4B-00C04F79EFBC}") = "CH04_02_if", "CH04_02_if\CH04_02_if.csproj", "{74A8B8EB-6754-4EEB-AF83-11DA709D47FB}"
EndProject
Global
	GlobalSection(SolutionConfigurationPlatforms) = preSolution
		Debug|Any CPU = Debug|Any CPU
		Release|Any CPU = Release|Any CPU
	EndGlobalSection
	GlobalSection(ProjectConfigurationPlatforms) = postSolution
		{74A8B8EB-6754-4EEB-AF83-11DA709D47FB}.Debug|Any CPU.ActiveCfg = Debug|Any CPU
		{74A8B8EB-6754-4EEB-AF83-11DA709D47FB}.Debug|Any CPU.Build.0 = Debug|Any CPU
		{74A8B8EB-6754-4EEB-AF83-11DA709D47FB}.Release|Any CPU.ActiveCfg = Release|Any CPU
		{74A8B8EB-6754-4EEB-AF83-11DA709D47FB}.Release|Any CPU.Build.0 = Release|Any CPU
	EndGlobalSection
	GlobalSection(SolutionProperties) = preSolution
		HideSolutionNode = FALSE
	EndGlobalSection
EndGlobal
