
Microsoft Visual Studio Solution File, Format Version 12.00
# Visual Studio 2012
Project("{FAE04EC0-301F-11D3-BF4B-00C04F79EFBC}") = "CH05_02_enum", "CH05_02_enum\CH05_02_enum.csproj", "{871BF012-9A69-41F7-A719-7D051307473E}"
EndProject
Global
	GlobalSection(SolutionConfigurationPlatforms) = preSolution
		Debug|Any CPU = Debug|Any CPU
		Release|Any CPU = Release|Any CPU
	EndGlobalSection
	GlobalSection(ProjectConfigurationPlatforms) = postSolution
		{871BF012-9A69-41F7-A719-7D051307473E}.Debug|Any CPU.ActiveCfg = Debug|Any CPU
		{871BF012-9A69-41F7-A719-7D051307473E}.Debug|Any CPU.Build.0 = Debug|Any CPU
		{871BF012-9A69-41F7-A719-7D051307473E}.Release|Any CPU.ActiveCfg = Release|Any CPU
		{871BF012-9A69-41F7-A719-7D051307473E}.Release|Any CPU.Build.0 = Release|Any CPU
	EndGlobalSection
	GlobalSection(SolutionProperties) = preSolution
		HideSolutionNode = FALSE
	EndGlobalSection
EndGlobal
