
Microsoft Visual Studio Solution File, Format Version 12.00
# Visual Studio 2012
Project("{FAE04EC0-301F-11D3-BF4B-00C04F79EFBC}") = "CH04_03_switch", "CH04_03_switch\CH04_03_switch.csproj", "{DCD885C4-DD7F-4758-A03E-DEED6B8EAAA9}"
EndProject
Global
	GlobalSection(SolutionConfigurationPlatforms) = preSolution
		Debug|Any CPU = Debug|Any CPU
		Release|Any CPU = Release|Any CPU
	EndGlobalSection
	GlobalSection(ProjectConfigurationPlatforms) = postSolution
		{DCD885C4-DD7F-4758-A03E-DEED6B8EAAA9}.Debug|Any CPU.ActiveCfg = Debug|Any CPU
		{DCD885C4-DD7F-4758-A03E-DEED6B8EAAA9}.Debug|Any CPU.Build.0 = Debug|Any CPU
		{DCD885C4-DD7F-4758-A03E-DEED6B8EAAA9}.Release|Any CPU.ActiveCfg = Release|Any CPU
		{DCD885C4-DD7F-4758-A03E-DEED6B8EAAA9}.Release|Any CPU.Build.0 = Release|Any CPU
	EndGlobalSection
	GlobalSection(SolutionProperties) = preSolution
		HideSolutionNode = FALSE
	EndGlobalSection
EndGlobal
