
Microsoft Visual Studio Solution File, Format Version 12.00
# Visual Studio 2012
Project("{FAE04EC0-301F-11D3-BF4B-00C04F79EFBC}") = "CH09_03_StructAndClass", "CH09_03_StructAndClass\CH09_03_StructAndClass.csproj", "{EA109AE5-2665-4708-82D1-3763F26BC7AF}"
EndProject
Global
	GlobalSection(SolutionConfigurationPlatforms) = preSolution
		Debug|Any CPU = Debug|Any CPU
		Release|Any CPU = Release|Any CPU
	EndGlobalSection
	GlobalSection(ProjectConfigurationPlatforms) = postSolution
		{EA109AE5-2665-4708-82D1-3763F26BC7AF}.Debug|Any CPU.ActiveCfg = Debug|Any CPU
		{EA109AE5-2665-4708-82D1-3763F26BC7AF}.Debug|Any CPU.Build.0 = Debug|Any CPU
		{EA109AE5-2665-4708-82D1-3763F26BC7AF}.Release|Any CPU.ActiveCfg = Release|Any CPU
		{EA109AE5-2665-4708-82D1-3763F26BC7AF}.Release|Any CPU.Build.0 = Release|Any CPU
	EndGlobalSection
	GlobalSection(SolutionProperties) = preSolution
		HideSolutionNode = FALSE
	EndGlobalSection
EndGlobal
