
Microsoft Visual Studio Solution File, Format Version 12.00
# Visual Studio 2012
Project("{FAE04EC0-301F-11D3-BF4B-00C04F79EFBC}") = "CH06_01_FunctionExample", "CH06_01_FunctionExample\CH06_01_FunctionExample.csproj", "{AAF62468-2D7F-4B65-80C2-F792548E9963}"
EndProject
Global
	GlobalSection(SolutionConfigurationPlatforms) = preSolution
		Debug|Any CPU = Debug|Any CPU
		Release|Any CPU = Release|Any CPU
	EndGlobalSection
	GlobalSection(ProjectConfigurationPlatforms) = postSolution
		{AAF62468-2D7F-4B65-80C2-F792548E9963}.Debug|Any CPU.ActiveCfg = Debug|Any CPU
		{AAF62468-2D7F-4B65-80C2-F792548E9963}.Debug|Any CPU.Build.0 = Debug|Any CPU
		{AAF62468-2D7F-4B65-80C2-F792548E9963}.Release|Any CPU.ActiveCfg = Release|Any CPU
		{AAF62468-2D7F-4B65-80C2-F792548E9963}.Release|Any CPU.Build.0 = Release|Any CPU
	EndGlobalSection
	GlobalSection(SolutionProperties) = preSolution
		HideSolutionNode = FALSE
	EndGlobalSection
EndGlobal
